
Microsoft Visual Studio Solution File, Format Version 12.00
# Visual Studio Version 16
VisualStudioVersion = 16.0.31911.196
MinimumVisualStudioVersion = 10.0.40219.1
Project("{FAE04EC0-301F-11D3-BF4B-00C04F79EFBC}") = "ConsoleAppЗадача 17", "ConsoleAppЗадача 17\ConsoleAppЗадача 17.csproj", "{C38176D5-164E-4F1F-B272-645A5E4C5091}"
EndProject
Global
	GlobalSection(SolutionConfigurationPlatforms) = preSolution
		Debug|Any CPU = Debug|Any CPU
		Release|Any CPU = Release|Any CPU
	EndGlobalSection
	GlobalSection(ProjectConfigurationPlatforms) = postSolution
		{C38176D5-164E-4F1F-B272-645A5E4C5091}.Debug|Any CPU.ActiveCfg = Debug|Any CPU
		{C38176D5-164E-4F1F-B272-645A5E4C5091}.Debug|Any CPU.Build.0 = Debug|Any CPU
		{C38176D5-164E-4F1F-B272-645A5E4C5091}.Release|Any CPU.ActiveCfg = Release|Any CPU
		{C38176D5-164E-4F1F-B272-645A5E4C5091}.Release|Any CPU.Build.0 = Release|Any CPU
	EndGlobalSection
	GlobalSection(SolutionProperties) = preSolution
		HideSolutionNode = FALSE
	EndGlobalSection
	GlobalSection(ExtensibilityGlobals) = postSolution
		SolutionGuid = {4D6185D5-7114-4830-9D91-5A7340F83E12}
	EndGlobalSection
EndGlobal
